
Microsoft Visual Studio Solution File, Format Version 12.00
# Visual Studio 14
VisualStudioVersion = 14.0.25420.1
MinimumVisualStudioVersion = 10.0.40219.1
Project("{FAE04EC0-301F-11D3-BF4B-00C04F79EFBC}") = "Linked.List.First.Try", "Linked.List.First.Try\Linked.List.First.Try.csproj", "{81F973C3-099C-43CA-AED8-CDFD13C39E13}"
EndProject
Project("{FAE04EC0-301F-11D3-BF4B-00C04F79EFBC}") = "Linked.List.Second.Try", "Linked.List.Second.Try\Linked.List.Second.Try.csproj", "{06F5886E-2FDD-4A86-86E4-F5D4824D0A81}"
EndProject
Project("{FAE04EC0-301F-11D3-BF4B-00C04F79EFBC}") = "Bubble.Sort.First.Try", "Bubble.Sort.First.Try\Bubble.Sort.First.Try.csproj", "{2A7B1AB9-14A9-4BE1-AD30-9D5841AD9D8A}"
EndProject
Project("{FAE04EC0-301F-11D3-BF4B-00C04F79EFBC}") = "Selection.Sort.First.Try", "Selection.Sort.First.Try\Selection.Sort.First.Try.csproj", "{AE6EAC40-6CBD-43C3-8C7E-95465FD05803}"
EndProject
Project("{FAE04EC0-301F-11D3-BF4B-00C04F79EFBC}") = "Selection.Sort.Second.Try", "Selection.Sort.Second.Try\Selection.Sort.Second.Try.csproj", "{04189116-C78B-4734-ADFB-B3626730EA79}"
EndProject
Project("{FAE04EC0-301F-11D3-BF4B-00C04F79EFBC}") = "Stack.First.Try", "Stack.First.Try\Stack.First.Try.csproj", "{E9A06FCA-4208-4BF2-B408-C92E5A129006}"
EndProject
Project("{FAE04EC0-301F-11D3-BF4B-00C04F79EFBC}") = "Queue.First.Try", "Queue.First.Try\Queue.First.Try.csproj", "{09093F47-C3F0-4367-BB7B-B194AD3273E3}"
EndProject
Project("{FAE04EC0-301F-11D3-BF4B-00C04F79EFBC}") = "Binary.Tree.First.Try", "Binary.Tree.First.Try\Binary.Tree.First.Try.csproj", "{87B57203-9987-4576-8585-2067E766D578}"
EndProject
Project("{FAE04EC0-301F-11D3-BF4B-00C04F79EFBC}") = "BinarySearchTree.First.Try", "BinarySearchTree.First.Try\BinarySearchTree.First.Try.csproj", "{1A7A2724-04A3-4E29-A514-DF62C0F3361A}"
EndProject
Project("{FAE04EC0-301F-11D3-BF4B-00C04F79EFBC}") = "Hash.Table.First.Try", "Hash.Table.First.Try\Hash.Table.First.Try.csproj", "{33580CD2-22D4-4692-8932-DA4E167D83BD}"
EndProject
Project("{FAE04EC0-301F-11D3-BF4B-00C04F79EFBC}") = "Heap.Binary.Tree.First.Try", "Heap.Binary.Tree.First.Try\Heap.Binary.Tree.First.Try.csproj", "{3B93DB15-CA15-4928-AC0B-F51B95F3A94C}"
EndProject
Project("{FAE04EC0-301F-11D3-BF4B-00C04F79EFBC}") = "Breadth.First.Search.First.Try", "Breadth.First.Search.First.Try\Breadth.First.Search.First.Try.csproj", "{4CC1F82E-213A-4CE9-9928-BE9F204489EB}"
EndProject
Project("{FAE04EC0-301F-11D3-BF4B-00C04F79EFBC}") = "Hash.Table.Open.Addressing.First.Try", "Hash.Table.Open.Addressing.First.Try\Hash.Table.Open.Addressing.First.Try.csproj", "{F24F6532-E5B4-4452-8C1E-117B7329F8BF}"
EndProject
Project("{FAE04EC0-301F-11D3-BF4B-00C04F79EFBC}") = "Dijkstra.Shortet.Path", "Dijkstra.Shortet.Path\Dijkstra.Shortet.Path.csproj", "{C440505C-A924-4616-8666-5141A6712538}"
EndProject
Global
	GlobalSection(SolutionConfigurationPlatforms) = preSolution
		Debug|Any CPU = Debug|Any CPU
		Release|Any CPU = Release|Any CPU
	EndGlobalSection
	GlobalSection(ProjectConfigurationPlatforms) = postSolution
		{81F973C3-099C-43CA-AED8-CDFD13C39E13}.Debug|Any CPU.ActiveCfg = Debug|Any CPU
		{81F973C3-099C-43CA-AED8-CDFD13C39E13}.Debug|Any CPU.Build.0 = Debug|Any CPU
		{81F973C3-099C-43CA-AED8-CDFD13C39E13}.Release|Any CPU.ActiveCfg = Release|Any CPU
		{81F973C3-099C-43CA-AED8-CDFD13C39E13}.Release|Any CPU.Build.0 = Release|Any CPU
		{06F5886E-2FDD-4A86-86E4-F5D4824D0A81}.Debug|Any CPU.ActiveCfg = Debug|Any CPU
		{06F5886E-2FDD-4A86-86E4-F5D4824D0A81}.Debug|Any CPU.Build.0 = Debug|Any CPU
		{06F5886E-2FDD-4A86-86E4-F5D4824D0A81}.Release|Any CPU.ActiveCfg = Release|Any CPU
		{06F5886E-2FDD-4A86-86E4-F5D4824D0A81}.Release|Any CPU.Build.0 = Release|Any CPU
		{2A7B1AB9-14A9-4BE1-AD30-9D5841AD9D8A}.Debug|Any CPU.ActiveCfg = Debug|Any CPU
		{2A7B1AB9-14A9-4BE1-AD30-9D5841AD9D8A}.Debug|Any CPU.Build.0 = Debug|Any CPU
		{2A7B1AB9-14A9-4BE1-AD30-9D5841AD9D8A}.Release|Any CPU.ActiveCfg = Release|Any CPU
		{2A7B1AB9-14A9-4BE1-AD30-9D5841AD9D8A}.Release|Any CPU.Build.0 = Release|Any CPU
		{AE6EAC40-6CBD-43C3-8C7E-95465FD05803}.Debug|Any CPU.ActiveCfg = Debug|Any CPU
		{AE6EAC40-6CBD-43C3-8C7E-95465FD05803}.Debug|Any CPU.Build.0 = Debug|Any CPU
		{AE6EAC40-6CBD-43C3-8C7E-95465FD05803}.Release|Any CPU.ActiveCfg = Release|Any CPU
		{AE6EAC40-6CBD-43C3-8C7E-95465FD05803}.Release|Any CPU.Build.0 = Release|Any CPU
		{04189116-C78B-4734-ADFB-B3626730EA79}.Debug|Any CPU.ActiveCfg = Debug|Any CPU
		{04189116-C78B-4734-ADFB-B3626730EA79}.Debug|Any CPU.Build.0 = Debug|Any CPU
		{04189116-C78B-4734-ADFB-B3626730EA79}.Release|Any CPU.ActiveCfg = Release|Any CPU
		{04189116-C78B-4734-ADFB-B3626730EA79}.Release|Any CPU.Build.0 = Release|Any CPU
		{E9A06FCA-4208-4BF2-B408-C92E5A129006}.Debug|Any CPU.ActiveCfg = Debug|Any CPU
		{E9A06FCA-4208-4BF2-B408-C92E5A129006}.Debug|Any CPU.Build.0 = Debug|Any CPU
		{E9A06FCA-4208-4BF2-B408-C92E5A129006}.Release|Any CPU.ActiveCfg = Release|Any CPU
		{E9A06FCA-4208-4BF2-B408-C92E5A129006}.Release|Any CPU.Build.0 = Release|Any CPU
		{09093F47-C3F0-4367-BB7B-B194AD3273E3}.Debug|Any CPU.ActiveCfg = Debug|Any CPU
		{09093F47-C3F0-4367-BB7B-B194AD3273E3}.Debug|Any CPU.Build.0 = Debug|Any CPU
		{09093F47-C3F0-4367-BB7B-B194AD3273E3}.Release|Any CPU.ActiveCfg = Release|Any CPU
		{09093F47-C3F0-4367-BB7B-B194AD3273E3}.Release|Any CPU.Build.0 = Release|Any CPU
		{87B57203-9987-4576-8585-2067E766D578}.Debug|Any CPU.ActiveCfg = Debug|Any CPU
		{87B57203-9987-4576-8585-2067E766D578}.Debug|Any CPU.Build.0 = Debug|Any CPU
		{87B57203-9987-4576-8585-2067E766D578}.Release|Any CPU.ActiveCfg = Release|Any CPU
		{87B57203-9987-4576-8585-2067E766D578}.Release|Any CPU.Build.0 = Release|Any CPU
		{1A7A2724-04A3-4E29-A514-DF62C0F3361A}.Debug|Any CPU.ActiveCfg = Debug|Any CPU
		{1A7A2724-04A3-4E29-A514-DF62C0F3361A}.Debug|Any CPU.Build.0 = Debug|Any CPU
		{1A7A2724-04A3-4E29-A514-DF62C0F3361A}.Release|Any CPU.ActiveCfg = Release|Any CPU
		{1A7A2724-04A3-4E29-A514-DF62C0F3361A}.Release|Any CPU.Build.0 = Release|Any CPU
		{33580CD2-22D4-4692-8932-DA4E167D83BD}.Debug|Any CPU.ActiveCfg = Debug|Any CPU
		{33580CD2-22D4-4692-8932-DA4E167D83BD}.Debug|Any CPU.Build.0 = Debug|Any CPU
		{33580CD2-22D4-4692-8932-DA4E167D83BD}.Release|Any CPU.ActiveCfg = Release|Any CPU
		{33580CD2-22D4-4692-8932-DA4E167D83BD}.Release|Any CPU.Build.0 = Release|Any CPU
		{3B93DB15-CA15-4928-AC0B-F51B95F3A94C}.Debug|Any CPU.ActiveCfg = Debug|Any CPU
		{3B93DB15-CA15-4928-AC0B-F51B95F3A94C}.Debug|Any CPU.Build.0 = Debug|Any CPU
		{3B93DB15-CA15-4928-AC0B-F51B95F3A94C}.Release|Any CPU.ActiveCfg = Release|Any CPU
		{3B93DB15-CA15-4928-AC0B-F51B95F3A94C}.Release|Any CPU.Build.0 = Release|Any CPU
		{4CC1F82E-213A-4CE9-9928-BE9F204489EB}.Debug|Any CPU.ActiveCfg = Debug|Any CPU
		{4CC1F82E-213A-4CE9-9928-BE9F204489EB}.Debug|Any CPU.Build.0 = Debug|Any CPU
		{4CC1F82E-213A-4CE9-9928-BE9F204489EB}.Release|Any CPU.ActiveCfg = Release|Any CPU
		{4CC1F82E-213A-4CE9-9928-BE9F204489EB}.Release|Any CPU.Build.0 = Release|Any CPU
		{F24F6532-E5B4-4452-8C1E-117B7329F8BF}.Debug|Any CPU.ActiveCfg = Debug|Any CPU
		{F24F6532-E5B4-4452-8C1E-117B7329F8BF}.Debug|Any CPU.Build.0 = Debug|Any CPU
		{F24F6532-E5B4-4452-8C1E-117B7329F8BF}.Release|Any CPU.ActiveCfg = Release|Any CPU
		{F24F6532-E5B4-4452-8C1E-117B7329F8BF}.Release|Any CPU.Build.0 = Release|Any CPU
		{C440505C-A924-4616-8666-5141A6712538}.Debug|Any CPU.ActiveCfg = Debug|Any CPU
		{C440505C-A924-4616-8666-5141A6712538}.Debug|Any CPU.Build.0 = Debug|Any CPU
		{C440505C-A924-4616-8666-5141A6712538}.Release|Any CPU.ActiveCfg = Release|Any CPU
		{C440505C-A924-4616-8666-5141A6712538}.Release|Any CPU.Build.0 = Release|Any CPU
	EndGlobalSection
	GlobalSection(SolutionProperties) = preSolution
		HideSolutionNode = FALSE
	EndGlobalSection
EndGlobal
